
Microsoft Visual Studio Solution File, Format Version 12.00
# Visual Studio 15
VisualStudioVersion = 15.0.28307.271
MinimumVisualStudioVersion = 10.0.40219.1
Project("{FAE04EC0-301F-11D3-BF4B-00C04F79EFBC}") = "Snake", "Snake\Snake.csproj", "{F1BFEF59-3AD1-49C2-ABE9-1350D689C3CF}"
EndProject
Project("{FAE04EC0-301F-11D3-BF4B-00C04F79EFBC}") = "Server", "Server\Server.csproj", "{F6F648F3-7CA6-4708-8A2E-2DAE552598A4}"
EndProject
Global
	GlobalSection(SolutionConfigurationPlatforms) = preSolution
		Debug|Any CPU = Debug|Any CPU
		Release|Any CPU = Release|Any CPU
	EndGlobalSection
	GlobalSection(ProjectConfigurationPlatforms) = postSolution
		{F1BFEF59-3AD1-49C2-ABE9-1350D689C3CF}.Debug|Any CPU.ActiveCfg = Debug|Any CPU
		{F1BFEF59-3AD1-49C2-ABE9-1350D689C3CF}.Debug|Any CPU.Build.0 = Debug|Any CPU
		{F1BFEF59-3AD1-49C2-ABE9-1350D689C3CF}.Release|Any CPU.ActiveCfg = Release|Any CPU
		{F1BFEF59-3AD1-49C2-ABE9-1350D689C3CF}.Release|Any CPU.Build.0 = Release|Any CPU
		{F6F648F3-7CA6-4708-8A2E-2DAE552598A4}.Debug|Any CPU.ActiveCfg = Debug|Any CPU
		{F6F648F3-7CA6-4708-8A2E-2DAE552598A4}.Debug|Any CPU.Build.0 = Debug|Any CPU
		{F6F648F3-7CA6-4708-8A2E-2DAE552598A4}.Release|Any CPU.ActiveCfg = Release|Any CPU
		{F6F648F3-7CA6-4708-8A2E-2DAE552598A4}.Release|Any CPU.Build.0 = Release|Any CPU
	EndGlobalSection
	GlobalSection(SolutionProperties) = preSolution
		HideSolutionNode = FALSE
	EndGlobalSection
	GlobalSection(ExtensibilityGlobals) = postSolution
		SolutionGuid = {9E9E339E-06B5-47AB-A021-7AA5A9ADE4EE}
	EndGlobalSection
EndGlobal
